// !$*UTF8*$!
{
	archiveVersion = 1;
	classes = {
	};
	objectVersion = 46;
	objects = {

/* Begin PBXBuildFile section */
		1648CE08AE0073AA36A6B60D /* Pods.framework in Frameworks */ = {isa = PBXBuildFile; fileRef = D50688F2F4F299B19D2BA3FF /* Pods.framework */; };
		3342858B1C4249D6000F595D /* JKTableDataDelegate.m in Sources */ = {isa = PBXBuildFile; fileRef = 334285881C4249D6000F595D /* JKTableDataDelegate.m */; };
		3342858C1C4249D6000F595D /* UITableViewCell+Extension.m in Sources */ = {isa = PBXBuildFile; fileRef = 3342858A1C4249D6000F595D /* UITableViewCell+Extension.m */; };
		336C52C21C3FFE4100B82743 /* main.m in Sources */ = {isa = PBXBuildFile; fileRef = 336C52C11C3FFE4100B82743 /* main.m */; };
		336C52CB1C3FFE4100B82743 /* Main.storyboard in Resources */ = {isa = PBXBuildFile; fileRef = 336C52C91C3FFE4100B82743 /* Main.storyboard */; };
		336C52CD1C3FFE4100B82743 /* Assets.xcassets in Resources */ = {isa = PBXBuildFile; fileRef = 336C52CC1C3FFE4100B82743 /* Assets.xcassets */; };
		336C52D01C3FFE4100B82743 /* LaunchScreen.storyboard in Resources */ = {isa = PBXBuildFile; fileRef = 336C52CE1C3FFE4100B82743 /* LaunchScreen.storyboard */; };
		336C52DB1C3FFE4200B82743 /* JK_MVVMTests.m in Sources */ = {isa = PBXBuildFile; fileRef = 336C52DA1C3FFE4200B82743 /* JK_MVVMTests.m */; };
		336C52E61C3FFE4200B82743 /* JK_MVVMUITests.m in Sources */ = {isa = PBXBuildFile; fileRef = 336C52E51C3FFE4200B82743 /* JK_MVVMUITests.m */; };
		33C9D1B21C4343BB00AA47B7 /* UICollectionViewCell+Extension.m in Sources */ = {isa = PBXBuildFile; fileRef = 33C9D1B11C4343BB00AA47B7 /* UICollectionViewCell+Extension.m */; };
		33C9D1B51C4345C100AA47B7 /* JKCollectionDataDelegate.m in Sources */ = {isa = PBXBuildFile; fileRef = 33C9D1B41C4345C100AA47B7 /* JKCollectionDataDelegate.m */; };
		33C9D1BD1C43515E00AA47B7 /* JKViewController2.m in Sources */ = {isa = PBXBuildFile; fileRef = 33C9D1BC1C43515E00AA47B7 /* JKViewController2.m */; };
		33C9D1C01C4351D200AA47B7 /* JKModel2.m in Sources */ = {isa = PBXBuildFile; fileRef = 33C9D1BF1C4351D200AA47B7 /* JKModel2.m */; };
		33C9D1C41C43526F00AA47B7 /* JKCollectionCell.m in Sources */ = {isa = PBXBuildFile; fileRef = 33C9D1C21C43526F00AA47B7 /* JKCollectionCell.m */; };
		33C9D1C51C43526F00AA47B7 /* JKCollectionCell.xib in Resources */ = {isa = PBXBuildFile; fileRef = 33C9D1C31C43526F00AA47B7 /* JKCollectionCell.xib */; };
		33C9D1C81C4353DF00AA47B7 /* JKViewModel2.m in Sources */ = {isa = PBXBuildFile; fileRef = 33C9D1C71C4353DF00AA47B7 /* JKViewModel2.m */; };
		33E82A671C42758C00F57372 /* JKViewController.m in Sources */ = {isa = PBXBuildFile; fileRef = 33E82A5C1C42758C00F57372 /* JKViewController.m */; };
		33E82A681C42758C00F57372 /* JKModel.m in Sources */ = {isa = PBXBuildFile; fileRef = 33E82A5F1C42758C00F57372 /* JKModel.m */; };
		33E82A691C42758C00F57372 /* JKCell.m in Sources */ = {isa = PBXBuildFile; fileRef = 33E82A621C42758C00F57372 /* JKCell.m */; };
		33E82A6A1C42758C00F57372 /* JKCell.xib in Resources */ = {isa = PBXBuildFile; fileRef = 33E82A631C42758C00F57372 /* JKCell.xib */; };
		33E82A6B1C42758C00F57372 /* JKViewModel.m in Sources */ = {isa = PBXBuildFile; fileRef = 33E82A661C42758C00F57372 /* JKViewModel.m */; };
		33FBAC711C40B61800A9D433 /* JKHttpTool.m in Sources */ = {isa = PBXBuildFile; fileRef = 33FBAC701C40B61800A9D433 /* JKHttpTool.m */; };
		33FBAC751C40BE5200A9D433 /* UIView+Extension.m in Sources */ = {isa = PBXBuildFile; fileRef = 33FBAC741C40BE5200A9D433 /* UIView+Extension.m */; };
		33FBAC791C40C5B500A9D433 /* AppDelegate.m in Sources */ = {isa = PBXBuildFile; fileRef = 33FBAC781C40C5B500A9D433 /* AppDelegate.m */; };
		33FBAC7E1C40CC6B00A9D433 /* JKBaseViewModel.m in Sources */ = {isa = PBXBuildFile; fileRef = 33FBAC7D1C40CC6B00A9D433 /* JKBaseViewModel.m */; };
/* End PBXBuildFile section */

/* Begin PBXContainerItemProxy section */
		336C52D71C3FFE4200B82743 /* PBXContainerItemProxy */ = {
			isa = PBXContainerItemProxy;
			containerPortal = 336C52B51C3FFE4100B82743 /* Project object */;
			proxyType = 1;
			remoteGlobalIDString = 336C52BC1C3FFE4100B82743;
			remoteInfo = JK_MVVM;
		};
		336C52E21C3FFE4200B82743 /* PBXContainerItemProxy */ = {
			isa = PBXContainerItemProxy;
			containerPortal = 336C52B51C3FFE4100B82743 /* Project object */;
			proxyType = 1;
			remoteGlobalIDString = 336C52BC1C3FFE4100B82743;
			remoteInfo = JK_MVVM;
		};
/* End PBXContainerItemProxy section */

/* Begin PBXFileReference section */
		1875619CC68B03428F9A74DC /* Pods.debug.xcconfig */ = {isa = PBXFileReference; includeInIndex = 1; lastKnownFileType = text.xcconfig; name = Pods.debug.xcconfig; path = "Pods/Target Support Files/Pods/Pods.debug.xcconfig"; sourceTree = "<group>"; };
		22702106996EC2DBDA5D0235 /* Pods.release.xcconfig */ = {isa = PBXFileReference; includeInIndex = 1; lastKnownFileType = text.xcconfig; name = Pods.release.xcconfig; path = "Pods/Target Support Files/Pods/Pods.release.xcconfig"; sourceTree = "<group>"; };
		334285871C4249D6000F595D /* JKTableDataDelegate.h */ = {isa = PBXFileReference; fileEncoding = 4; lastKnownFileType = sourcecode.c.h; path = JKTableDataDelegate.h; sourceTree = "<group>"; };
		334285881C4249D6000F595D /* JKTableDataDelegate.m */ = {isa = PBXFileReference; fileEncoding = 4; lastKnownFileType = sourcecode.c.objc; path = JKTableDataDelegate.m; sourceTree = "<group>"; };
		334285891C4249D6000F595D /* UITableViewCell+Extension.h */ = {isa = PBXFileReference; fileEncoding = 4; lastKnownFileType = sourcecode.c.h; path = "UITableViewCell+Extension.h"; sourceTree = "<group>"; };
		3342858A1C4249D6000F595D /* UITableViewCell+Extension.m */ = {isa = PBXFileReference; fileEncoding = 4; lastKnownFileType = sourcecode.c.objc; path = "UITableViewCell+Extension.m"; sourceTree = "<group>"; };
		336C52BD1C3FFE4100B82743 /* JK_MVVM.app */ = {isa = PBXFileReference; explicitFileType = wrapper.application; includeInIndex = 0; path = JK_MVVM.app; sourceTree = BUILT_PRODUCTS_DIR; };
		336C52C11C3FFE4100B82743 /* main.m */ = {isa = PBXFileReference; lastKnownFileType = sourcecode.c.objc; path = main.m; sourceTree = "<group>"; };
		336C52CA1C3FFE4100B82743 /* Base */ = {isa = PBXFileReference; lastKnownFileType = file.storyboard; name = Base; path = Base.lproj/Main.storyboard; sourceTree = "<group>"; };
		336C52CC1C3FFE4100B82743 /* Assets.xcassets */ = {isa = PBXFileReference; lastKnownFileType = folder.assetcatalog; path = Assets.xcassets; sourceTree = "<group>"; };
		336C52CF1C3FFE4100B82743 /* Base */ = {isa = PBXFileReference; lastKnownFileType = file.storyboard; name = Base; path = Base.lproj/LaunchScreen.storyboard; sourceTree = "<group>"; };
		336C52D11C3FFE4100B82743 /* Info.plist */ = {isa = PBXFileReference; lastKnownFileType = text.plist.xml; path = Info.plist; sourceTree = "<group>"; };
		336C52D61C3FFE4200B82743 /* JK_MVVMTests.xctest */ = {isa = PBXFileReference; explicitFileType = wrapper.cfbundle; includeInIndex = 0; path = JK_MVVMTests.xctest; sourceTree = BUILT_PRODUCTS_DIR; };
		336C52DA1C3FFE4200B82743 /* JK_MVVMTests.m */ = {isa = PBXFileReference; lastKnownFileType = sourcecode.c.objc; path = JK_MVVMTests.m; sourceTree = "<group>"; };
		336C52DC1C3FFE4200B82743 /* Info.plist */ = {isa = PBXFileReference; lastKnownFileType = text.plist.xml; path = Info.plist; sourceTree = "<group>"; };
		336C52E11C3FFE4200B82743 /* JK_MVVMUITests.xctest */ = {isa = PBXFileReference; explicitFileType = wrapper.cfbundle; includeInIndex = 0; path = JK_MVVMUITests.xctest; sourceTree = BUILT_PRODUCTS_DIR; };
		336C52E51C3FFE4200B82743 /* JK_MVVMUITests.m */ = {isa = PBXFileReference; lastKnownFileType = sourcecode.c.objc; path = JK_MVVMUITests.m; sourceTree = "<group>"; };
		336C52E71C3FFE4200B82743 /* Info.plist */ = {isa = PBXFileReference; lastKnownFileType = text.plist.xml; path = Info.plist; sourceTree = "<group>"; };
		33C9D1B01C4343BB00AA47B7 /* UICollectionViewCell+Extension.h */ = {isa = PBXFileReference; fileEncoding = 4; lastKnownFileType = sourcecode.c.h; path = "UICollectionViewCell+Extension.h"; sourceTree = "<group>"; };
		33C9D1B11C4343BB00AA47B7 /* UICollectionViewCell+Extension.m */ = {isa = PBXFileReference; fileEncoding = 4; lastKnownFileType = sourcecode.c.objc; path = "UICollectionViewCell+Extension.m"; sourceTree = "<group>"; };
		33C9D1B31C4345C100AA47B7 /* JKCollectionDataDelegate.h */ = {isa = PBXFileReference; fileEncoding = 4; lastKnownFileType = sourcecode.c.h; path = JKCollectionDataDelegate.h; sourceTree = "<group>"; };
		33C9D1B41C4345C100AA47B7 /* JKCollectionDataDelegate.m */ = {isa = PBXFileReference; fileEncoding = 4; lastKnownFileType = sourcecode.c.objc; path = JKCollectionDataDelegate.m; sourceTree = "<group>"; };
		33C9D1BB1C43515E00AA47B7 /* JKViewController2.h */ = {isa = PBXFileReference; fileEncoding = 4; lastKnownFileType = sourcecode.c.h; path = JKViewController2.h; sourceTree = "<group>"; };
		33C9D1BC1C43515E00AA47B7 /* JKViewController2.m */ = {isa = PBXFileReference; fileEncoding = 4; lastKnownFileType = sourcecode.c.objc; path = JKViewController2.m; sourceTree = "<group>"; };
		33C9D1BE1C4351D200AA47B7 /* JKModel2.h */ = {isa = PBXFileReference; fileEncoding = 4; lastKnownFileType = sourcecode.c.h; path = JKModel2.h; sourceTree = "<group>"; };
		33C9D1BF1C4351D200AA47B7 /* JKModel2.m */ = {isa = PBXFileReference; fileEncoding = 4; lastKnownFileType = sourcecode.c.objc; path = JKModel2.m; sourceTree = "<group>"; };
		33C9D1C11C43526F00AA47B7 /* JKCollectionCell.h */ = {isa = PBXFileReference; fileEncoding = 4; lastKnownFileType = sourcecode.c.h; path = JKCollectionCell.h; sourceTree = "<group>"; };
		33C9D1C21C43526F00AA47B7 /* JKCollectionCell.m */ = {isa = PBXFileReference; fileEncoding = 4; lastKnownFileType = sourcecode.c.objc; path = JKCollectionCell.m; sourceTree = "<group>"; };
		33C9D1C31C43526F00AA47B7 /* JKCollectionCell.xib */ = {isa = PBXFileReference; fileEncoding = 4; lastKnownFileType = file.xib; path = JKCollectionCell.xib; sourceTree = "<group>"; };
		33C9D1C61C4353DF00AA47B7 /* JKViewModel2.h */ = {isa = PBXFileReference; fileEncoding = 4; lastKnownFileType = sourcecode.c.h; path = JKViewModel2.h; sourceTree = "<group>"; };
		33C9D1C71C4353DF00AA47B7 /* JKViewModel2.m */ = {isa = PBXFileReference; fileEncoding = 4; lastKnownFileType = sourcecode.c.objc; path = JKViewModel2.m; sourceTree = "<group>"; };
		33E82A5B1C42758C00F57372 /* JKViewController.h */ = {isa = PBXFileReference; fileEncoding = 4; lastKnownFileType = sourcecode.c.h; path = JKViewController.h; sourceTree = "<group>"; };
		33E82A5C1C42758C00F57372 /* JKViewController.m */ = {isa = PBXFileReference; fileEncoding = 4; lastKnownFileType = sourcecode.c.objc; path = JKViewController.m; sourceTree = "<group>"; };
		33E82A5E1C42758C00F57372 /* JKModel.h */ = {isa = PBXFileReference; fileEncoding = 4; lastKnownFileType = sourcecode.c.h; path = JKModel.h; sourceTree = "<group>"; };
		33E82A5F1C42758C00F57372 /* JKModel.m */ = {isa = PBXFileReference; fileEncoding = 4; lastKnownFileType = sourcecode.c.objc; path = JKModel.m; sourceTree = "<group>"; };
		33E82A611C42758C00F57372 /* JKCell.h */ = {isa = PBXFileReference; fileEncoding = 4; lastKnownFileType = sourcecode.c.h; path = JKCell.h; sourceTree = "<group>"; };
		33E82A621C42758C00F57372 /* JKCell.m */ = {isa = PBXFileReference; fileEncoding = 4; lastKnownFileType = sourcecode.c.objc; path = JKCell.m; sourceTree = "<group>"; };
		33E82A631C42758C00F57372 /* JKCell.xib */ = {isa = PBXFileReference; fileEncoding = 4; lastKnownFileType = file.xib; path = JKCell.xib; sourceTree = "<group>"; };
		33E82A651C42758C00F57372 /* JKViewModel.h */ = {isa = PBXFileReference; fileEncoding = 4; lastKnownFileType = sourcecode.c.h; path = JKViewModel.h; sourceTree = "<group>"; };
		33E82A661C42758C00F57372 /* JKViewModel.m */ = {isa = PBXFileReference; fileEncoding = 4; lastKnownFileType = sourcecode.c.objc; path = JKViewModel.m; sourceTree = "<group>"; };
		33FBAC6F1C40B61800A9D433 /* JKHttpTool.h */ = {isa = PBXFileReference; fileEncoding = 4; lastKnownFileType = sourcecode.c.h; path = JKHttpTool.h; sourceTree = "<group>"; };
		33FBAC701C40B61800A9D433 /* JKHttpTool.m */ = {isa = PBXFileReference; fileEncoding = 4; lastKnownFileType = sourcecode.c.objc; path = JKHttpTool.m; sourceTree = "<group>"; };
		33FBAC731C40BE5200A9D433 /* UIView+Extension.h */ = {isa = PBXFileReference; fileEncoding = 4; lastKnownFileType = sourcecode.c.h; path = "UIView+Extension.h"; sourceTree = "<group>"; };
		33FBAC741C40BE5200A9D433 /* UIView+Extension.m */ = {isa = PBXFileReference; fileEncoding = 4; lastKnownFileType = sourcecode.c.objc; path = "UIView+Extension.m"; sourceTree = "<group>"; };
		33FBAC771C40C5B500A9D433 /* AppDelegate.h */ = {isa = PBXFileReference; fileEncoding = 4; lastKnownFileType = sourcecode.c.h; path = AppDelegate.h; sourceTree = "<group>"; };
		33FBAC781C40C5B500A9D433 /* AppDelegate.m */ = {isa = PBXFileReference; fileEncoding = 4; lastKnownFileType = sourcecode.c.objc; path = AppDelegate.m; sourceTree = "<group>"; };
		33FBAC7C1C40CC6B00A9D433 /* JKBaseViewModel.h */ = {isa = PBXFileReference; fileEncoding = 4; lastKnownFileType = sourcecode.c.h; path = JKBaseViewModel.h; sourceTree = "<group>"; };
		33FBAC7D1C40CC6B00A9D433 /* JKBaseViewModel.m */ = {isa = PBXFileReference; fileEncoding = 4; lastKnownFileType = sourcecode.c.objc; path = JKBaseViewModel.m; sourceTree = "<group>"; };
		D50688F2F4F299B19D2BA3FF /* Pods.framework */ = {isa = PBXFileReference; explicitFileType = wrapper.framework; includeInIndex = 0; path = Pods.framework; sourceTree = BUILT_PRODUCTS_DIR; };
/* End PBXFileReference section */

/* Begin PBXFrameworksBuildPhase section */
		336C52BA1C3FFE4100B82743 /* Frameworks */ = {
			isa = PBXFrameworksBuildPhase;
			buildActionMask = 2147483647;
			files = (
				1648CE08AE0073AA36A6B60D /* Pods.framework in Frameworks */,
			);
			runOnlyForDeploymentPostprocessing = 0;
		};
		336C52D31C3FFE4200B82743 /* Frameworks */ = {
			isa = PBXFrameworksBuildPhase;
			buildActionMask = 2147483647;
			files = (
			);
			runOnlyForDeploymentPostprocessing = 0;
		};
		336C52DE1C3FFE4200B82743 /* Frameworks */ = {
			isa = PBXFrameworksBuildPhase;
			buildActionMask = 2147483647;
			files = (
			);
			runOnlyForDeploymentPostprocessing = 0;
		};
/* End PBXFrameworksBuildPhase section */

/* Begin PBXGroup section */
		1009BA0FD509A72B67566699 /* Pods */ = {
			isa = PBXGroup;
			children = (
				1875619CC68B03428F9A74DC /* Pods.debug.xcconfig */,
				22702106996EC2DBDA5D0235 /* Pods.release.xcconfig */,
			);
			name = Pods;
			sourceTree = "<group>";
		};
		334285861C4249D6000F595D /* JKTableDataDelegate */ = {
			isa = PBXGroup;
			children = (
				334285871C4249D6000F595D /* JKTableDataDelegate.h */,
				334285881C4249D6000F595D /* JKTableDataDelegate.m */,
				334285891C4249D6000F595D /* UITableViewCell+Extension.h */,
				3342858A1C4249D6000F595D /* UITableViewCell+Extension.m */,
			);
			path = JKTableDataDelegate;
			sourceTree = "<group>";
		};
		336C52B41C3FFE4100B82743 = {
			isa = PBXGroup;
			children = (
				336C52BF1C3FFE4100B82743 /* JK_MVVM */,
				336C52D91C3FFE4200B82743 /* JK_MVVMTests */,
				336C52E41C3FFE4200B82743 /* JK_MVVMUITests */,
				336C52BE1C3FFE4100B82743 /* Products */,
				1009BA0FD509A72B67566699 /* Pods */,
				671A4FF077233D2360A62773 /* Frameworks */,
			);
			sourceTree = "<group>";
		};
		336C52BE1C3FFE4100B82743 /* Products */ = {
			isa = PBXGroup;
			children = (
				336C52BD1C3FFE4100B82743 /* JK_MVVM.app */,
				336C52D61C3FFE4200B82743 /* JK_MVVMTests.xctest */,
				336C52E11C3FFE4200B82743 /* JK_MVVMUITests.xctest */,
			);
			name = Products;
			sourceTree = "<group>";
		};
		336C52BF1C3FFE4100B82743 /* JK_MVVM */ = {
			isa = PBXGroup;
			children = (
				33FBAC6B1C40B59100A9D433 /* Classes */,
				336C52C01C3FFE4100B82743 /* Supporting Files */,
			);
			path = JK_MVVM;
			sourceTree = "<group>";
		};
		336C52C01C3FFE4100B82743 /* Supporting Files */ = {
			isa = PBXGroup;
			children = (
				336C52C91C3FFE4100B82743 /* Main.storyboard */,
				336C52CC1C3FFE4100B82743 /* Assets.xcassets */,
				336C52CE1C3FFE4100B82743 /* LaunchScreen.storyboard */,
				336C52D11C3FFE4100B82743 /* Info.plist */,
				336C52C11C3FFE4100B82743 /* main.m */,
			);
			name = "Supporting Files";
			sourceTree = "<group>";
		};
		336C52D91C3FFE4200B82743 /* JK_MVVMTests */ = {
			isa = PBXGroup;
			children = (
				336C52DA1C3FFE4200B82743 /* JK_MVVMTests.m */,
				336C52DC1C3FFE4200B82743 /* Info.plist */,
			);
			path = JK_MVVMTests;
			sourceTree = "<group>";
		};
		336C52E41C3FFE4200B82743 /* JK_MVVMUITests */ = {
			isa = PBXGroup;
			children = (
				336C52E51C3FFE4200B82743 /* JK_MVVMUITests.m */,
				336C52E71C3FFE4200B82743 /* Info.plist */,
			);
			path = JK_MVVMUITests;
			sourceTree = "<group>";
		};
		33C9D1AF1C43437B00AA47B7 /* JKCollectionDataDelegate */ = {
			isa = PBXGroup;
			children = (
				33C9D1B31C4345C100AA47B7 /* JKCollectionDataDelegate.h */,
				33C9D1B41C4345C100AA47B7 /* JKCollectionDataDelegate.m */,
				33C9D1B01C4343BB00AA47B7 /* UICollectionViewCell+Extension.h */,
				33C9D1B11C4343BB00AA47B7 /* UICollectionViewCell+Extension.m */,
			);
			path = JKCollectionDataDelegate;
			sourceTree = "<group>";
		};
		33C9D1B61C4350EC00AA47B7 /* Example2 */ = {
			isa = PBXGroup;
			children = (
				33C9D1B71C43514000AA47B7 /* Controller */,
				33C9D1B81C43514000AA47B7 /* Model */,
				33C9D1B91C43514000AA47B7 /* VIew */,
				33C9D1BA1C43514000AA47B7 /* ViewModel */,
			);
			path = Example2;
			sourceTree = "<group>";
		};
		33C9D1B71C43514000AA47B7 /* Controller */ = {
			isa = PBXGroup;
			children = (
				33C9D1BB1C43515E00AA47B7 /* JKViewController2.h */,
				33C9D1BC1C43515E00AA47B7 /* JKViewController2.m */,
			);
			path = Controller;
			sourceTree = "<group>";
		};
		33C9D1B81C43514000AA47B7 /* Model */ = {
			isa = PBXGroup;
			children = (
				33C9D1BE1C4351D200AA47B7 /* JKModel2.h */,
				33C9D1BF1C4351D200AA47B7 /* JKModel2.m */,
			);
			path = Model;
			sourceTree = "<group>";
		};
		33C9D1B91C43514000AA47B7 /* VIew */ = {
			isa = PBXGroup;
			children = (
				33C9D1C11C43526F00AA47B7 /* JKCollectionCell.h */,
				33C9D1C21C43526F00AA47B7 /* JKCollectionCell.m */,
				33C9D1C31C43526F00AA47B7 /* JKCollectionCell.xib */,
			);
			path = VIew;
			sourceTree = "<group>";
		};
		33C9D1BA1C43514000AA47B7 /* ViewModel */ = {
			isa = PBXGroup;
			children = (
				33C9D1C61C4353DF00AA47B7 /* JKViewModel2.h */,
				33C9D1C71C4353DF00AA47B7 /* JKViewModel2.m */,
			);
			path = ViewModel;
			sourceTree = "<group>";
		};
		33E82A591C42758C00F57372 /* Example1 */ = {
			isa = PBXGroup;
			children = (
				33E82A5A1C42758C00F57372 /* Controller */,
				33E82A5D1C42758C00F57372 /* Model */,
				33E82A601C42758C00F57372 /* View */,
				33E82A641C42758C00F57372 /* ViewModel */,
			);
			path = Example1;
			sourceTree = "<group>";
		};
		33E82A5A1C42758C00F57372 /* Controller */ = {
			isa = PBXGroup;
			children = (
				33E82A5B1C42758C00F57372 /* JKViewController.h */,
				33E82A5C1C42758C00F57372 /* JKViewController.m */,
			);
			path = Controller;
			sourceTree = "<group>";
		};
		33E82A5D1C42758C00F57372 /* Model */ = {
			isa = PBXGroup;
			children = (
				33E82A5E1C42758C00F57372 /* JKModel.h */,
				33E82A5F1C42758C00F57372 /* JKModel.m */,
			);
			path = Model;
			sourceTree = "<group>";
		};
		33E82A601C42758C00F57372 /* View */ = {
			isa = PBXGroup;
			children = (
				33E82A611C42758C00F57372 /* JKCell.h */,
				33E82A621C42758C00F57372 /* JKCell.m */,
				33E82A631C42758C00F57372 /* JKCell.xib */,
			);
			path = View;
			sourceTree = "<group>";
		};
		33E82A641C42758C00F57372 /* ViewModel */ = {
			isa = PBXGroup;
			children = (
				33E82A651C42758C00F57372 /* JKViewModel.h */,
				33E82A661C42758C00F57372 /* JKViewModel.m */,
			);
			path = ViewModel;
			sourceTree = "<group>";
		};
		33FBAC6B1C40B59100A9D433 /* Classes */ = {
			isa = PBXGroup;
			children = (
				33FBAC6D1C40B5BA00A9D433 /* Src */,
				33FBAC6C1C40B5BA00A9D433 /* Main */,
			);
			path = Classes;
			sourceTree = "<group>";
		};
		33FBAC6C1C40B5BA00A9D433 /* Main */ = {
			isa = PBXGroup;
			children = (
				33FBAC761C40C5B500A9D433 /* Delegate */,
				33FBAC7A1C40CC0B00A9D433 /* Base */,
				33FBAC721C40BE3400A9D433 /* Category */,
				33FBAC6E1C40B5E000A9D433 /* NetWork */,
			);
			path = Main;
			sourceTree = "<group>";
		};
		33FBAC6D1C40B5BA00A9D433 /* Src */ = {
			isa = PBXGroup;
			children = (
				33E82A591C42758C00F57372 /* Example1 */,
				33C9D1B61C4350EC00AA47B7 /* Example2 */,
			);
			path = Src;
			sourceTree = "<group>";
		};
		33FBAC6E1C40B5E000A9D433 /* NetWork */ = {
			isa = PBXGroup;
			children = (
				33FBAC6F1C40B61800A9D433 /* JKHttpTool.h */,
				33FBAC701C40B61800A9D433 /* JKHttpTool.m */,
			);
			path = NetWork;
			sourceTree = "<group>";
		};
		33FBAC721C40BE3400A9D433 /* Category */ = {
			isa = PBXGroup;
			children = (
				33FBAC731C40BE5200A9D433 /* UIView+Extension.h */,
				33FBAC741C40BE5200A9D433 /* UIView+Extension.m */,
			);
			path = Category;
			sourceTree = "<group>";
		};
		33FBAC761C40C5B500A9D433 /* Delegate */ = {
			isa = PBXGroup;
			children = (
				33FBAC771C40C5B500A9D433 /* AppDelegate.h */,
				33FBAC781C40C5B500A9D433 /* AppDelegate.m */,
			);
			name = Delegate;
			path = Other;
			sourceTree = "<group>";
		};
		33FBAC7A1C40CC0B00A9D433 /* Base */ = {
			isa = PBXGroup;
			children = (
				33C9D1AF1C43437B00AA47B7 /* JKCollectionDataDelegate */,
				334285861C4249D6000F595D /* JKTableDataDelegate */,
				33FBAC7B1C40CC2700A9D433 /* BaseViewModel */,
			);
			path = Base;
			sourceTree = "<group>";
		};
		33FBAC7B1C40CC2700A9D433 /* BaseViewModel */ = {
			isa = PBXGroup;
			children = (
				33FBAC7C1C40CC6B00A9D433 /* JKBaseViewModel.h */,
				33FBAC7D1C40CC6B00A9D433 /* JKBaseViewModel.m */,
			);
			path = BaseViewModel;
			sourceTree = "<group>";
		};
		671A4FF077233D2360A62773 /* Frameworks */ = {
			isa = PBXGroup;
			children = (
				D50688F2F4F299B19D2BA3FF /* Pods.framework */,
			);
			name = Frameworks;
			sourceTree = "<group>";
		};
/* End PBXGroup section */

/* Begin PBXNativeTarget section */
		336C52BC1C3FFE4100B82743 /* JK_MVVM */ = {
			isa = PBXNativeTarget;
			buildConfigurationList = 336C52EA1C3FFE4200B82743 /* Build configuration list for PBXNativeTarget "JK_MVVM" */;
			buildPhases = (
				53DF54ED03D5162B4A4979FB /* Check Pods Manifest.lock */,
				336C52B91C3FFE4100B82743 /* Sources */,
				336C52BA1C3FFE4100B82743 /* Frameworks */,
				336C52BB1C3FFE4100B82743 /* Resources */,
				C97E7F411C699E5270F07711 /* Embed Pods Frameworks */,
				5B5D65037422B417240E00FC /* Copy Pods Resources */,
			);
			buildRules = (
			);
			dependencies = (
			);
			name = JK_MVVM;
			productName = JK_MVVM;
			productReference = 336C52BD1C3FFE4100B82743 /* JK_MVVM.app */;
			productType = "com.apple.product-type.application";
		};
		336C52D51C3FFE4200B82743 /* JK_MVVMTests */ = {
			isa = PBXNativeTarget;
			buildConfigurationList = 336C52ED1C3FFE4200B82743 /* Build configuration list for PBXNativeTarget "JK_MVVMTests" */;
			buildPhases = (
				336C52D21C3FFE4200B82743 /* Sources */,
				336C52D31C3FFE4200B82743 /* Frameworks */,
				336C52D41C3FFE4200B82743 /* Resources */,
			);
			buildRules = (
			);
			dependencies = (
				336C52D81C3FFE4200B82743 /* PBXTargetDependency */,
			);
			name = JK_MVVMTests;
			productName = JK_MVVMTests;
			productReference = 336C52D61C3FFE4200B82743 /* JK_MVVMTests.xctest */;
			productType = "com.apple.product-type.bundle.unit-test";
		};
		336C52E01C3FFE4200B82743 /* JK_MVVMUITests */ = {
			isa = PBXNativeTarget;
			buildConfigurationList = 336C52F01C3FFE4200B82743 /* Build configuration list for PBXNativeTarget "JK_MVVMUITests" */;
			buildPhases = (
				336C52DD1C3FFE4200B82743 /* Sources */,
				336C52DE1C3FFE4200B82743 /* Frameworks */,
				336C52DF1C3FFE4200B82743 /* Resources */,
			);
			buildRules = (
			);
			dependencies = (
				336C52E31C3FFE4200B82743 /* PBXTargetDependency */,
			);
			name = JK_MVVMUITests;
			productName = JK_MVVMUITests;
			productReference = 336C52E11C3FFE4200B82743 /* JK_MVVMUITests.xctest */;
			productType = "com.apple.product-type.bundle.ui-testing";
		};
/* End PBXNativeTarget section */

/* Begin PBXProject section */
		336C52B51C3FFE4100B82743 /* Project object */ = {
			isa = PBXProject;
			attributes = {
				LastUpgradeCheck = 0720;
				ORGANIZATIONNAME = pactera;
				TargetAttributes = {
					336C52BC1C3FFE4100B82743 = {
						CreatedOnToolsVersion = 7.2;
					};
					336C52D51C3FFE4200B82743 = {
						CreatedOnToolsVersion = 7.2;
						TestTargetID = 336C52BC1C3FFE4100B82743;
					};
					336C52E01C3FFE4200B82743 = {
						CreatedOnToolsVersion = 7.2;
						TestTargetID = 336C52BC1C3FFE4100B82743;
					};
				};
			};
			buildConfigurationList = 336C52B81C3FFE4100B82743 /* Build configuration list for PBXProject "JK_MVVM" */;
			compatibilityVersion = "Xcode 3.2";
			developmentRegion = English;
			hasScannedForEncodings = 0;
			knownRegions = (
				en,
				Base,
			);
			mainGroup = 336C52B41C3FFE4100B82743;
			productRefGroup = 336C52BE1C3FFE4100B82743 /* Products */;
			projectDirPath = "";
			projectRoot = "";
			targets = (
				336C52BC1C3FFE4100B82743 /* JK_MVVM */,
				336C52D51C3FFE4200B82743 /* JK_MVVMTests */,
				336C52E01C3FFE4200B82743 /* JK_MVVMUITests */,
			);
		};
/* End PBXProject section */

/* Begin PBXResourcesBuildPhase section */
		336C52BB1C3FFE4100B82743 /* Resources */ = {
			isa = PBXResourcesBuildPhase;
			buildActionMask = 2147483647;
			files = (
				336C52D01C3FFE4100B82743 /* LaunchScreen.storyboard in Resources */,
				336C52CD1C3FFE4100B82743 /* Assets.xcassets in Resources */,
				33C9D1C51C43526F00AA47B7 /* JKCollectionCell.xib in Resources */,
				33E82A6A1C42758C00F57372 /* JKCell.xib in Resources */,
				336C52CB1C3FFE4100B82743 /* Main.storyboard in Resources */,
			);
			runOnlyForDeploymentPostprocessing = 0;
		};
		336C52D41C3FFE4200B82743 /* Resources */ = {
			isa = PBXResourcesBuildPhase;
			buildActionMask = 2147483647;
			files = (
			);
			runOnlyForDeploymentPostprocessing = 0;
		};
		336C52DF1C3FFE4200B82743 /* Resources */ = {
			isa = PBXResourcesBuildPhase;
			buildActionMask = 2147483647;
			files = (
			);
			runOnlyForDeploymentPostprocessing = 0;
		};
/* End PBXResourcesBuildPhase section */

/* Begin PBXShellScriptBuildPhase section */
		53DF54ED03D5162B4A4979FB /* Check Pods Manifest.lock */ = {
			isa = PBXShellScriptBuildPhase;
			buildActionMask = 2147483647;
			files = (
			);
			inputPaths = (
			);
			name = "Check Pods Manifest.lock";
			outputPaths = (
			);
			runOnlyForDeploymentPostprocessing = 0;
			shellPath = /bin/sh;
			shellScript = "diff \"${PODS_ROOT}/../Podfile.lock\" \"${PODS_ROOT}/Manifest.lock\" > /dev/null\nif [[ $? != 0 ]] ; then\n    cat << EOM\nerror: The sandbox is not in sync with the Podfile.lock. Run 'pod install' or update your CocoaPods installation.\nEOM\n    exit 1\nfi\n";
			showEnvVarsInLog = 0;
		};
		5B5D65037422B417240E00FC /* Copy Pods Resources */ = {
			isa = PBXShellScriptBuildPhase;
			buildActionMask = 2147483647;
			files = (
			);
			inputPaths = (
			);
			name = "Copy Pods Resources";
			outputPaths = (
			);
			runOnlyForDeploymentPostprocessing = 0;
			shellPath = /bin/sh;
			shellScript = "\"${SRCROOT}/Pods/Target Support Files/Pods/Pods-resources.sh\"\n";
			showEnvVarsInLog = 0;
		};
		C97E7F411C699E5270F07711 /* Embed Pods Frameworks */ = {
			isa = PBXShellScriptBuildPhase;
			buildActionMask = 2147483647;
			files = (
			);
			inputPaths = (
			);
			name = "Embed Pods Frameworks";
			outputPaths = (
			);
			runOnlyForDeploymentPostprocessing = 0;
			shellPath = /bin/sh;
			shellScript = "\"${SRCROOT}/Pods/Target Support Files/Pods/Pods-frameworks.sh\"\n";
			showEnvVarsInLog = 0;
		};
/* End PBXShellScriptBuildPhase section */

/* Begin PBXSourcesBuildPhase section */
		336C52B91C3FFE4100B82743 /* Sources */ = {
			isa = PBXSourcesBuildPhase;
			buildActionMask = 2147483647;
			files = (
				33C9D1B21C4343BB00AA47B7 /* UICollectionViewCell+Extension.m in Sources */,
				33E82A6B1C42758C00F57372 /* JKViewModel.m in Sources */,
				33C9D1C01C4351D200AA47B7 /* JKModel2.m in Sources */,
				3342858B1C4249D6000F595D /* JKTableDataDelegate.m in Sources */,
				33E82A671C42758C00F57372 /* JKViewController.m in Sources */,
				33C9D1BD1C43515E00AA47B7 /* JKViewController2.m in Sources */,
				33FBAC751C40BE5200A9D433 /* UIView+Extension.m in Sources */,
				3342858C1C4249D6000F595D /* UITableViewCell+Extension.m in Sources */,
				33FBAC791C40C5B500A9D433 /* AppDelegate.m in Sources */,
				33E82A681C42758C00F57372 /* JKModel.m in Sources */,
				33FBAC7E1C40CC6B00A9D433 /* JKBaseViewModel.m in Sources */,
				33C9D1C81C4353DF00AA47B7 /* JKViewModel2.m in Sources */,
				33E82A691C42758C00F57372 /* JKCell.m in Sources */,
				33FBAC711C40B61800A9D433 /* JKHttpTool.m in Sources */,
				336C52C21C3FFE4100B82743 /* main.m in Sources */,
				33C9D1C41C43526F00AA47B7 /* JKCollectionCell.m in Sources */,
				33C9D1B51C4345C100AA47B7 /* JKCollectionDataDelegate.m in Sources */,
			);
			runOnlyForDeploymentPostprocessing = 0;
		};
		336C52D21C3FFE4200B82743 /* Sources */ = {
			isa = PBXSourcesBuildPhase;
			buildActionMask = 2147483647;
			files = (
				336C52DB1C3FFE4200B82743 /* JK_MVVMTests.m in Sources */,
			);
			runOnlyForDeploymentPostprocessing = 0;
		};
		336C52DD1C3FFE4200B82743 /* Sources */ = {
			isa = PBXSourcesBuildPhase;
			buildActionMask = 2147483647;
			files = (
				336C52E61C3FFE4200B82743 /* JK_MVVMUITests.m in Sources */,
			);
			runOnlyForDeploymentPostprocessing = 0;
		};
/* End PBXSourcesBuildPhase section */

/* Begin PBXTargetDependency section */
		336C52D81C3FFE4200B82743 /* PBXTargetDependency */ = {
			isa = PBXTargetDependency;
			target = 336C52BC1C3FFE4100B82743 /* JK_MVVM */;
			targetProxy = 336C52D71C3FFE4200B82743 /* PBXContainerItemProxy */;
		};
		336C52E31C3FFE4200B82743 /* PBXTargetDependency */ = {
			isa = PBXTargetDependency;
			target = 336C52BC1C3FFE4100B82743 /* JK_MVVM */;
			targetProxy = 336C52E21C3FFE4200B82743 /* PBXContainerItemProxy */;
		};
/* End PBXTargetDependency section */

/* Begin PBXVariantGroup section */
		336C52C91C3FFE4100B82743 /* Main.storyboard */ = {
			isa = PBXVariantGroup;
			children = (
				336C52CA1C3FFE4100B82743 /* Base */,
			);
			name = Main.storyboard;
			sourceTree = "<group>";
		};
		336C52CE1C3FFE4100B82743 /* LaunchScreen.storyboard */ = {
			isa = PBXVariantGroup;
			children = (
				336C52CF1C3FFE4100B82743 /* Base */,
			);
			name = LaunchScreen.storyboard;
			sourceTree = "<group>";
		};
/* End PBXVariantGroup section */

/* Begin XCBuildConfiguration section */
		336C52E81C3FFE4200B82743 /* Debug */ = {
			isa = XCBuildConfiguration;
			buildSettings = {
				ALWAYS_SEARCH_USER_PATHS = NO;
				CLANG_CXX_LANGUAGE_STANDARD = "gnu++0x";
				CLANG_CXX_LIBRARY = "libc++";
				CLANG_ENABLE_MODULES = YES;
				CLANG_ENABLE_OBJC_ARC = YES;
				CLANG_WARN_BOOL_CONVERSION = YES;
				CLANG_WARN_CONSTANT_CONVERSION = YES;
				CLANG_WARN_DIRECT_OBJC_ISA_USAGE = YES_ERROR;
				CLANG_WARN_EMPTY_BODY = YES;
				CLANG_WARN_ENUM_CONVERSION = YES;
				CLANG_WARN_INT_CONVERSION = YES;
				CLANG_WARN_OBJC_ROOT_CLASS = YES_ERROR;
				CLANG_WARN_UNREACHABLE_CODE = YES;
				CLANG_WARN__DUPLICATE_METHOD_MATCH = YES;
				"CODE_SIGN_IDENTITY[sdk=iphoneos*]" = "iPhone Developer";
				COPY_PHASE_STRIP = NO;
				DEBUG_INFORMATION_FORMAT = dwarf;
				ENABLE_STRICT_OBJC_MSGSEND = YES;
				ENABLE_TESTABILITY = YES;
				GCC_C_LANGUAGE_STANDARD = gnu99;
				GCC_DYNAMIC_NO_PIC = NO;
				GCC_NO_COMMON_BLOCKS = YES;
				GCC_OPTIMIZATION_LEVEL = 0;
				GCC_PREPROCESSOR_DEFINITIONS = (
					"DEBUG=1",
					"$(inherited)",
				);
				GCC_WARN_64_TO_32_BIT_CONVERSION = YES;
				GCC_WARN_ABOUT_RETURN_TYPE = YES_ERROR;
				GCC_WARN_UNDECLARED_SELECTOR = YES;
				GCC_WARN_UNINITIALIZED_AUTOS = YES_AGGRESSIVE;
				GCC_WARN_UNUSED_FUNCTION = YES;
				GCC_WARN_UNUSED_VARIABLE = YES;
				IPHONEOS_DEPLOYMENT_TARGET = 9.2;
				MTL_ENABLE_DEBUG_INFO = YES;
				ONLY_ACTIVE_ARCH = YES;
				SDKROOT = iphoneos;
				TARGETED_DEVICE_FAMILY = "1,2";
			};
			name = Debug;
		};
		336C52E91C3FFE4200B82743 /* Release */ = {
			isa = XCBuildConfiguration;
			buildSettings = {
				ALWAYS_SEARCH_USER_PATHS = NO;
				CLANG_CXX_LANGUAGE_STANDARD = "gnu++0x";
				CLANG_CXX_LIBRARY = "libc++";
				CLANG_ENABLE_MODULES = YES;
				CLANG_ENABLE_OBJC_ARC = YES;
				CLANG_WARN_BOOL_CONVERSION = YES;
				CLANG_WARN_CONSTANT_CONVERSION = YES;
				CLANG_WARN_DIRECT_OBJC_ISA_USAGE = YES_ERROR;
				CLANG_WARN_EMPTY_BODY = YES;
				CLANG_WARN_ENUM_CONVERSION = YES;
				CLANG_WARN_INT_CONVERSION = YES;
				CLANG_WARN_OBJC_ROOT_CLASS = YES_ERROR;
				CLANG_WARN_UNREACHABLE_CODE = YES;
				CLANG_WARN__DUPLICATE_METHOD_MATCH = YES;
				"CODE_SIGN_IDENTITY[sdk=iphoneos*]" = "iPhone Developer";
				COPY_PHASE_STRIP = NO;
				DEBUG_INFORMATION_FORMAT = "dwarf-with-dsym";
				ENABLE_NS_ASSERTIONS = NO;
				ENABLE_STRICT_OBJC_MSGSEND = YES;
				GCC_C_LANGUAGE_STANDARD = gnu99;
				GCC_NO_COMMON_BLOCKS = YES;
				GCC_WARN_64_TO_32_BIT_CONVERSION = YES;
				GCC_WARN_ABOUT_RETURN_TYPE = YES_ERROR;
				GCC_WARN_UNDECLARED_SELECTOR = YES;
				GCC_WARN_UNINITIALIZED_AUTOS = YES_AGGRESSIVE;
				GCC_WARN_UNUSED_FUNCTION = YES;
				GCC_WARN_UNUSED_VARIABLE = YES;
				IPHONEOS_DEPLOYMENT_TARGET = 9.2;
				MTL_ENABLE_DEBUG_INFO = NO;
				SDKROOT = iphoneos;
				TARGETED_DEVICE_FAMILY = "1,2";
				VALIDATE_PRODUCT = YES;
			};
			name = Release;
		};
		336C52EB1C3FFE4200B82743 /* Debug */ = {
			isa = XCBuildConfiguration;
			baseConfigurationReference = 1875619CC68B03428F9A74DC /* Pods.debug.xcconfig */;
			buildSettings = {
				ASSETCATALOG_COMPILER_APPICON_NAME = AppIcon;
				INFOPLIST_FILE = JK_MVVM/Info.plist;
				LD_RUNPATH_SEARCH_PATHS = "$(inherited) @executable_path/Frameworks";
				PRODUCT_BUNDLE_IDENTIFIER = "com.pactera.JK-MVVM";
				PRODUCT_NAME = "$(TARGET_NAME)";
			};
			name = Debug;
		};
		336C52EC1C3FFE4200B82743 /* Release */ = {
			isa = XCBuildConfiguration;
			baseConfigurationReference = 22702106996EC2DBDA5D0235 /* Pods.release.xcconfig */;
			buildSettings = {
				ASSETCATALOG_COMPILER_APPICON_NAME = AppIcon;
				INFOPLIST_FILE = JK_MVVM/Info.plist;
				LD_RUNPATH_SEARCH_PATHS = "$(inherited) @executable_path/Frameworks";
				PRODUCT_BUNDLE_IDENTIFIER = "com.pactera.JK-MVVM";
				PRODUCT_NAME = "$(TARGET_NAME)";
			};
			name = Release;
		};
		336C52EE1C3FFE4200B82743 /* Debug */ = {
			isa = XCBuildConfiguration;
			buildSettings = {
				BUNDLE_LOADER = "$(TEST_HOST)";
				INFOPLIST_FILE = JK_MVVMTests/Info.plist;
				LD_RUNPATH_SEARCH_PATHS = "$(inherited) @executable_path/Frameworks @loader_path/Frameworks";
				PRODUCT_BUNDLE_IDENTIFIER = "com.pactera.JK-MVVMTests";
				PRODUCT_NAME = "$(TARGET_NAME)";
				TEST_HOST = "$(BUILT_PRODUCTS_DIR)/JK_MVVM.app/JK_MVVM";
			};
			name = Debug;
		};
		336C52EF1C3FFE4200B82743 /* Release */ = {
			isa = XCBuildConfiguration;
			buildSettings = {
				BUNDLE_LOADER = "$(TEST_HOST)";
				INFOPLIST_FILE = JK_MVVMTests/Info.plist;
				LD_RUNPATH_SEARCH_PATHS = "$(inherited) @executable_path/Frameworks @loader_path/Frameworks";
				PRODUCT_BUNDLE_IDENTIFIER = "com.pactera.JK-MVVMTests";
				PRODUCT_NAME = "$(TARGET_NAME)";
				TEST_HOST = "$(BUILT_PRODUCTS_DIR)/JK_MVVM.app/JK_MVVM";
			};
			name = Release;
		};
		336C52F11C3FFE4200B82743 /* Debug */ = {
			isa = XCBuildConfiguration;
			buildSettings = {
				INFOPLIST_FILE = JK_MVVMUITests/Info.plist;
				LD_RUNPATH_SEARCH_PATHS = "$(inherited) @executable_path/Frameworks @loader_path/Frameworks";
				PRODUCT_BUNDLE_IDENTIFIER = "com.pactera.JK-MVVMUITests";
				PRODUCT_NAME = "$(TARGET_NAME)";
				TEST_TARGET_NAME = JK_MVVM;
				USES_XCTRUNNER = YES;
			};
			name = Debug;
		};
		336C52F21C3FFE4200B82743 /* Release */ = {
			isa = XCBuildConfiguration;
			buildSettings = {
				INFOPLIST_FILE = JK_MVVMUITests/Info.plist;
				LD_RUNPATH_SEARCH_PATHS = "$(inherited) @executable_path/Frameworks @loader_path/Frameworks";
				PRODUCT_BUNDLE_IDENTIFIER = "com.pactera.JK-MVVMUITests";
				PRODUCT_NAME = "$(TARGET_NAME)";
				TEST_TARGET_NAME = JK_MVVM;
				USES_XCTRUNNER = YES;
			};
			name = Release;
		};
/* End XCBuildConfiguration section */

/* Begin XCConfigurationList section */
		336C52B81C3FFE4100B82743 /* Build configuration list for PBXProject "JK_MVVM" */ = {
			isa = XCConfigurationList;
			buildConfigurations = (
				336C52E81C3FFE4200B82743 /* Debug */,
				336C52E91C3FFE4200B82743 /* Release */,
			);
			defaultConfigurationIsVisible = 0;
			defaultConfigurationName = Release;
		};
		336C52EA1C3FFE4200B82743 /* Build configuration list for PBXNativeTarget "JK_MVVM" */ = {
			isa = XCConfigurationList;
			buildConfigurations = (
				336C52EB1C3FFE4200B82743 /* Debug */,
				336C52EC1C3FFE4200B82743 /* Release */,
			);
			defaultConfigurationIsVisible = 0;
			defaultConfigurationName = Release;
		};
		336C52ED1C3FFE4200B82743 /* Build configuration list for PBXNativeTarget "JK_MVVMTests" */ = {
			isa = XCConfigurationList;
			buildConfigurations = (
				336C52EE1C3FFE4200B82743 /* Debug */,
				336C52EF1C3FFE4200B82743 /* Release */,
			);
			defaultConfigurationIsVisible = 0;
			defaultConfigurationName = Release;
		};
		336C52F01C3FFE4200B82743 /* Build configuration list for PBXNativeTarget "JK_MVVMUITests" */ = {
			isa = XCConfigurationList;
			buildConfigurations = (
				336C52F11C3FFE4200B82743 /* Debug */,
				336C52F21C3FFE4200B82743 /* Release */,
			);
			defaultConfigurationIsVisible = 0;
			defaultConfigurationName = Release;
		};
/* End XCConfigurationList section */
	};
	rootObject = 336C52B51C3FFE4100B82743 /* Project object */;
}
